// !$*UTF8*$!
{
	archiveVersion = 1;
	classes = {
	};
	objectVersion = 56;
	objects = {

/* Begin PBXBuildFile section */
		A11E59132BC1A6130046E321 /* CardView.swift in Sources */ = {isa = PBXBuildFile; fileRef = A11E59122BC1A6130046E321 /* CardView.swift */; };
		A11E59152BC27DB20046E321 /* TrailingIconLabelStyle.swift in Sources */ = {isa = PBXBuildFile; fileRef = A11E59142BC27DB20046E321 /* TrailingIconLabelStyle.swift */; };
		A11E59172BC280DF0046E321 /* ScrumsView.swift in Sources */ = {isa = PBXBuildFile; fileRef = A11E59162BC280DF0046E321 /* ScrumsView.swift */; };
		A11E59192BC295BF0046E321 /* DetailView.swift in Sources */ = {isa = PBXBuildFile; fileRef = A11E59182BC295BF0046E321 /* DetailView.swift */; };
		A11E591B2BC29C860046E321 /* DetailEditView.swift in Sources */ = {isa = PBXBuildFile; fileRef = A11E591A2BC29C860046E321 /* DetailEditView.swift */; };
		A11E591D2BC4624C0046E321 /* ThemeView.swift in Sources */ = {isa = PBXBuildFile; fileRef = A11E591C2BC4624C0046E321 /* ThemeView.swift */; };
		A11E591F2BC4640B0046E321 /* ThemePicker.swift in Sources */ = {isa = PBXBuildFile; fileRef = A11E591E2BC4640B0046E321 /* ThemePicker.swift */; };
		A11E59212BC46D070046E321 /* MeetingHeaderView.swift in Sources */ = {isa = PBXBuildFile; fileRef = A11E59202BC46D070046E321 /* MeetingHeaderView.swift */; };
		A11E59232BC46EAC0046E321 /* ScrumProgressViewStyle.swift in Sources */ = {isa = PBXBuildFile; fileRef = A11E59222BC46EAC0046E321 /* ScrumProgressViewStyle.swift */; };
		A1314B952BC12E9800DE127B /* ScrumdingerApp.swift in Sources */ = {isa = PBXBuildFile; fileRef = A1314B942BC12E9800DE127B /* ScrumdingerApp.swift */; };
		A1314B972BC12E9800DE127B /* MeetingView.swift in Sources */ = {isa = PBXBuildFile; fileRef = A1314B962BC12E9800DE127B /* MeetingView.swift */; };
		A1314B992BC12E9D00DE127B /* Assets.xcassets in Resources */ = {isa = PBXBuildFile; fileRef = A1314B982BC12E9D00DE127B /* Assets.xcassets */; };
		A1314B9C2BC12E9D00DE127B /* Preview Assets.xcassets in Resources */ = {isa = PBXBuildFile; fileRef = A1314B9B2BC12E9D00DE127B /* Preview Assets.xcassets */; };
		A139B18E2BC19C93009E45E0 /* Theme.swift in Sources */ = {isa = PBXBuildFile; fileRef = A139B18D2BC19C93009E45E0 /* Theme.swift */; };
		A139B1902BC19F6D009E45E0 /* DailyScrum.swift in Sources */ = {isa = PBXBuildFile; fileRef = A139B18F2BC19F6D009E45E0 /* DailyScrum.swift */; };
/* End PBXBuildFile section */

/* Begin PBXContainerItemProxy section */
		A1314BA22BC12E9D00DE127B /* PBXContainerItemProxy */ = {
			isa = PBXContainerItemProxy;
			containerPortal = A1314B892BC12E9800DE127B /* Project object */;
			proxyType = 1;
			remoteGlobalIDString = A1314B902BC12E9800DE127B;
			remoteInfo = Scrumdinger;
		};
		A1314BAC2BC12E9D00DE127B /* PBXContainerItemProxy */ = {
			isa = PBXContainerItemProxy;
			containerPortal = A1314B892BC12E9800DE127B /* Project object */;
			proxyType = 1;
			remoteGlobalIDString = A1314B902BC12E9800DE127B;
			remoteInfo = Scrumdinger;
		};
/* End PBXContainerItemProxy section */

/* Begin PBXFileReference section */
		A11E59122BC1A6130046E321 /* CardView.swift */ = {isa = PBXFileReference; lastKnownFileType = sourcecode.swift; path = CardView.swift; sourceTree = "<group>"; };
		A11E59142BC27DB20046E321 /* TrailingIconLabelStyle.swift */ = {isa = PBXFileReference; lastKnownFileType = sourcecode.swift; path = TrailingIconLabelStyle.swift; sourceTree = "<group>"; };
		A11E59162BC280DF0046E321 /* ScrumsView.swift */ = {isa = PBXFileReference; lastKnownFileType = sourcecode.swift; path = ScrumsView.swift; sourceTree = "<group>"; };
		A11E59182BC295BF0046E321 /* DetailView.swift */ = {isa = PBXFileReference; lastKnownFileType = sourcecode.swift; path = DetailView.swift; sourceTree = "<group>"; };
		A11E591A2BC29C860046E321 /* DetailEditView.swift */ = {isa = PBXFileReference; lastKnownFileType = sourcecode.swift; name = DetailEditView.swift; path = Scrumdinger/DetailEditView.swift; sourceTree = SOURCE_ROOT; };
		A11E591C2BC4624C0046E321 /* ThemeView.swift */ = {isa = PBXFileReference; lastKnownFileType = sourcecode.swift; path = ThemeView.swift; sourceTree = "<group>"; };
		A11E591E2BC4640B0046E321 /* ThemePicker.swift */ = {isa = PBXFileReference; lastKnownFileType = sourcecode.swift; path = ThemePicker.swift; sourceTree = "<group>"; };
		A11E59202BC46D070046E321 /* MeetingHeaderView.swift */ = {isa = PBXFileReference; lastKnownFileType = sourcecode.swift; path = MeetingHeaderView.swift; sourceTree = "<group>"; };
		A11E59222BC46EAC0046E321 /* ScrumProgressViewStyle.swift */ = {isa = PBXFileReference; fileEncoding = 4; lastKnownFileType = sourcecode.swift; name = ScrumProgressViewStyle.swift; path = ../../../../Downloads/ManagingStateAndLifeCycle/StartingProject/Scrumdinger/Views/ScrumProgressViewStyle.swift; sourceTree = "<group>"; };
		A1314B912BC12E9800DE127B /* Scrumdinger.app */ = {isa = PBXFileReference; explicitFileType = wrapper.application; includeInIndex = 0; path = Scrumdinger.app; sourceTree = BUILT_PRODUCTS_DIR; };
		A1314B942BC12E9800DE127B /* ScrumdingerApp.swift */ = {isa = PBXFileReference; lastKnownFileType = sourcecode.swift; path = ScrumdingerApp.swift; sourceTree = "<group>"; };
		A1314B962BC12E9800DE127B /* MeetingView.swift */ = {isa = PBXFileReference; lastKnownFileType = sourcecode.swift; path = MeetingView.swift; sourceTree = "<group>"; };
		A1314B982BC12E9D00DE127B /* Assets.xcassets */ = {isa = PBXFileReference; lastKnownFileType = folder.assetcatalog; path = Assets.xcassets; sourceTree = "<group>"; };
		A1314B9B2BC12E9D00DE127B /* Preview Assets.xcassets */ = {isa = PBXFileReference; lastKnownFileType = folder.assetcatalog; path = "Preview Assets.xcassets"; sourceTree = "<group>"; };
		A1314BA12BC12E9D00DE127B /* ScrumdingerTests.xctest */ = {isa = PBXFileReference; explicitFileType = wrapper.cfbundle; includeInIndex = 0; path = ScrumdingerTests.xctest; sourceTree = BUILT_PRODUCTS_DIR; };
		A1314BAB2BC12E9D00DE127B /* ScrumdingerUITests.xctest */ = {isa = PBXFileReference; explicitFileType = wrapper.cfbundle; includeInIndex = 0; path = ScrumdingerUITests.xctest; sourceTree = BUILT_PRODUCTS_DIR; };
		A139B18D2BC19C93009E45E0 /* Theme.swift */ = {isa = PBXFileReference; lastKnownFileType = sourcecode.swift; path = Theme.swift; sourceTree = "<group>"; };
		A139B18F2BC19F6D009E45E0 /* DailyScrum.swift */ = {isa = PBXFileReference; lastKnownFileType = sourcecode.swift; path = DailyScrum.swift; sourceTree = "<group>"; };
/* End PBXFileReference section */

/* Begin PBXFrameworksBuildPhase section */
		A1314B8E2BC12E9800DE127B /* Frameworks */ = {
			isa = PBXFrameworksBuildPhase;
			buildActionMask = 2147483647;
			files = (
			);
			runOnlyForDeploymentPostprocessing = 0;
		};
		A1314B9E2BC12E9D00DE127B /* Frameworks */ = {
			isa = PBXFrameworksBuildPhase;
			buildActionMask = 2147483647;
			files = (
			);
			runOnlyForDeploymentPostprocessing = 0;
		};
		A1314BA82BC12E9D00DE127B /* Frameworks */ = {
			isa = PBXFrameworksBuildPhase;
			buildActionMask = 2147483647;
			files = (
			);
			runOnlyForDeploymentPostprocessing = 0;
		};
/* End PBXFrameworksBuildPhase section */

/* Begin PBXGroup section */
		A1314B882BC12E9800DE127B = {
			isa = PBXGroup;
			children = (
				A1314B932BC12E9800DE127B /* Scrumdinger */,
				A1314B922BC12E9800DE127B /* Products */,
			);
			sourceTree = "<group>";
		};
		A1314B922BC12E9800DE127B /* Products */ = {
			isa = PBXGroup;
			children = (
				A1314B912BC12E9800DE127B /* Scrumdinger.app */,
				A1314BA12BC12E9D00DE127B /* ScrumdingerTests.xctest */,
				A1314BAB2BC12E9D00DE127B /* ScrumdingerUITests.xctest */,
			);
			name = Products;
			sourceTree = "<group>";
		};
		A1314B932BC12E9800DE127B /* Scrumdinger */ = {
			isa = PBXGroup;
			children = (
				A1314B982BC12E9D00DE127B /* Assets.xcassets */,
				A1314B9A2BC12E9D00DE127B /* Preview Content */,
				A139B18C2BC19C7B009E45E0 /* Models */,
				A1314B942BC12E9800DE127B /* ScrumdingerApp.swift */,
				A1314B962BC12E9800DE127B /* MeetingView.swift */,
				A11E59122BC1A6130046E321 /* CardView.swift */,
				A11E59142BC27DB20046E321 /* TrailingIconLabelStyle.swift */,
				A11E59162BC280DF0046E321 /* ScrumsView.swift */,
				A11E59182BC295BF0046E321 /* DetailView.swift */,
				A11E591A2BC29C860046E321 /* DetailEditView.swift */,
				A11E591C2BC4624C0046E321 /* ThemeView.swift */,
				A11E591E2BC4640B0046E321 /* ThemePicker.swift */,
				A11E59202BC46D070046E321 /* MeetingHeaderView.swift */,
				A11E59222BC46EAC0046E321 /* ScrumProgressViewStyle.swift */,
			);
			path = Scrumdinger;
			sourceTree = "<group>";
		};
		A1314B9A2BC12E9D00DE127B /* Preview Content */ = {
			isa = PBXGroup;
			children = (
				A1314B9B2BC12E9D00DE127B /* Preview Assets.xcassets */,
			);
			path = "Preview Content";
			sourceTree = "<group>";
		};
		A139B18C2BC19C7B009E45E0 /* Models */ = {
			isa = PBXGroup;
			children = (
				A139B18D2BC19C93009E45E0 /* Theme.swift */,
				A139B18F2BC19F6D009E45E0 /* DailyScrum.swift */,
			);
			path = Models;
			sourceTree = "<group>";
		};
/* End PBXGroup section */

/* Begin PBXNativeTarget section */
		A1314B902BC12E9800DE127B /* Scrumdinger */ = {
			isa = PBXNativeTarget;
			buildConfigurationList = A1314BB52BC12E9D00DE127B /* Build configuration list for PBXNativeTarget "Scrumdinger" */;
			buildPhases = (
				A1314B8D2BC12E9800DE127B /* Sources */,
				A1314B8E2BC12E9800DE127B /* Frameworks */,
				A1314B8F2BC12E9800DE127B /* Resources */,
			);
			buildRules = (
			);
			dependencies = (
			);
			name = Scrumdinger;
			productName = Scrumdinger;
			productReference = A1314B912BC12E9800DE127B /* Scrumdinger.app */;
			productType = "com.apple.product-type.application";
		};
		A1314BA02BC12E9D00DE127B /* ScrumdingerTests */ = {
			isa = PBXNativeTarget;
			buildConfigurationList = A1314BB82BC12E9D00DE127B /* Build configuration list for PBXNativeTarget "ScrumdingerTests" */;
			buildPhases = (
				A1314B9D2BC12E9D00DE127B /* Sources */,
				A1314B9E2BC12E9D00DE127B /* Frameworks */,
				A1314B9F2BC12E9D00DE127B /* Resources */,
			);
			buildRules = (
			);
			dependencies = (
				A1314BA32BC12E9D00DE127B /* PBXTargetDependency */,
			);
			name = ScrumdingerTests;
			productName = ScrumdingerTests;
			productReference = A1314BA12BC12E9D00DE127B /* ScrumdingerTests.xctest */;
			productType = "com.apple.product-type.bundle.unit-test";
		};
		A1314BAA2BC12E9D00DE127B /* ScrumdingerUITests */ = {
			isa = PBXNativeTarget;
			buildConfigurationList = A1314BBB2BC12E9D00DE127B /* Build configuration list for PBXNativeTarget "ScrumdingerUITests" */;
			buildPhases = (
				A1314BA72BC12E9D00DE127B /* Sources */,
				A1314BA82BC12E9D00DE127B /* Frameworks */,
				A1314BA92BC12E9D00DE127B /* Resources */,
			);
			buildRules = (
			);
			dependencies = (
				A1314BAD2BC12E9D00DE127B /* PBXTargetDependency */,
			);
			name = ScrumdingerUITests;
			productName = ScrumdingerUITests;
			productReference = A1314BAB2BC12E9D00DE127B /* ScrumdingerUITests.xctest */;
			productType = "com.apple.product-type.bundle.ui-testing";
		};
/* End PBXNativeTarget section */

/* Begin PBXProject section */
		A1314B892BC12E9800DE127B /* Project object */ = {
			isa = PBXProject;
			attributes = {
				BuildIndependentTargetsInParallel = 1;
				LastSwiftUpdateCheck = 1530;
				LastUpgradeCheck = 1530;
				TargetAttributes = {
					A1314B902BC12E9800DE127B = {
						CreatedOnToolsVersion = 15.3;
					};
					A1314BA02BC12E9D00DE127B = {
						CreatedOnToolsVersion = 15.3;
						TestTargetID = A1314B902BC12E9800DE127B;
					};
					A1314BAA2BC12E9D00DE127B = {
						CreatedOnToolsVersion = 15.3;
						TestTargetID = A1314B902BC12E9800DE127B;
					};
				};
			};
			buildConfigurationList = A1314B8C2BC12E9800DE127B /* Build configuration list for PBXProject "Scrumdinger" */;
			compatibilityVersion = "Xcode 14.0";
			developmentRegion = en;
			hasScannedForEncodings = 0;
			knownRegions = (
				en,
				Base,
			);
			mainGroup = A1314B882BC12E9800DE127B;
			productRefGroup = A1314B922BC12E9800DE127B /* Products */;
			projectDirPath = "";
			projectRoot = "";
			targets = (
				A1314B902BC12E9800DE127B /* Scrumdinger */,
				A1314BA02BC12E9D00DE127B /* ScrumdingerTests */,
				A1314BAA2BC12E9D00DE127B /* ScrumdingerUITests */,
			);
		};
/* End PBXProject section */

/* Begin PBXResourcesBuildPhase section */
		A1314B8F2BC12E9800DE127B /* Resources */ = {
			isa = PBXResourcesBuildPhase;
			buildActionMask = 2147483647;
			files = (
				A1314B9C2BC12E9D00DE127B /* Preview Assets.xcassets in Resources */,
				A1314B992BC12E9D00DE127B /* Assets.xcassets in Resources */,
			);
			runOnlyForDeploymentPostprocessing = 0;
		};
		A1314B9F2BC12E9D00DE127B /* Resources */ = {
			isa = PBXResourcesBuildPhase;
			buildActionMask = 2147483647;
			files = (
			);
			runOnlyForDeploymentPostprocessing = 0;
		};
		A1314BA92BC12E9D00DE127B /* Resources */ = {
			isa = PBXResourcesBuildPhase;
			buildActionMask = 2147483647;
			files = (
			);
			runOnlyForDeploymentPostprocessing = 0;
		};
/* End PBXResourcesBuildPhase section */

/* Begin PBXSourcesBuildPhase section */
		A1314B8D2BC12E9800DE127B /* Sources */ = {
			isa = PBXSourcesBuildPhase;
			buildActionMask = 2147483647;
			files = (
				A11E591F2BC4640B0046E321 /* ThemePicker.swift in Sources */,
				A11E59232BC46EAC0046E321 /* ScrumProgressViewStyle.swift in Sources */,
				A139B1902BC19F6D009E45E0 /* DailyScrum.swift in Sources */,
				A11E59192BC295BF0046E321 /* DetailView.swift in Sources */,
				A11E59212BC46D070046E321 /* MeetingHeaderView.swift in Sources */,
				A11E591B2BC29C860046E321 /* DetailEditView.swift in Sources */,
				A11E59152BC27DB20046E321 /* TrailingIconLabelStyle.swift in Sources */,
				A139B18E2BC19C93009E45E0 /* Theme.swift in Sources */,
				A11E59172BC280DF0046E321 /* ScrumsView.swift in Sources */,
				A1314B972BC12E9800DE127B /* MeetingView.swift in Sources */,
				A11E591D2BC4624C0046E321 /* ThemeView.swift in Sources */,
				A1314B952BC12E9800DE127B /* ScrumdingerApp.swift in Sources */,
				A11E59132BC1A6130046E321 /* CardView.swift in Sources */,
			);
			runOnlyForDeploymentPostprocessing = 0;
		};
		A1314B9D2BC12E9D00DE127B /* Sources */ = {
			isa = PBXSourcesBuildPhase;
			buildActionMask = 2147483647;
			files = (
			);
			runOnlyForDeploymentPostprocessing = 0;
		};
		A1314BA72BC12E9D00DE127B /* Sources */ = {
			isa = PBXSourcesBuildPhase;
			buildActionMask = 2147483647;
			files = (
			);
			runOnlyForDeploymentPostprocessing = 0;
		};
/* End PBXSourcesBuildPhase section */

/* Begin PBXTargetDependency section */
		A1314BA32BC12E9D00DE127B /* PBXTargetDependency */ = {
			isa = PBXTargetDependency;
			target = A1314B902BC12E9800DE127B /* Scrumdinger */;
			targetProxy = A1314BA22BC12E9D00DE127B /* PBXContainerItemProxy */;
		};
		A1314BAD2BC12E9D00DE127B /* PBXTargetDependency */ = {
			isa = PBXTargetDependency;
			target = A1314B902BC12E9800DE127B /* Scrumdinger */;
			targetProxy = A1314BAC2BC12E9D00DE127B /* PBXContainerItemProxy */;
		};
/* End PBXTargetDependency section */

/* Begin XCBuildConfiguration section */
		A1314BB32BC12E9D00DE127B /* Debug */ = {
			isa = XCBuildConfiguration;
			buildSettings = {
				ALWAYS_SEARCH_USER_PATHS = NO;
				ASSETCATALOG_COMPILER_GENERATE_SWIFT_ASSET_SYMBOL_EXTENSIONS = YES;
				CLANG_ANALYZER_NONNULL = YES;
				CLANG_ANALYZER_NUMBER_OBJECT_CONVERSION = YES_AGGRESSIVE;
				CLANG_CXX_LANGUAGE_STANDARD = "gnu++20";
				CLANG_ENABLE_MODULES = YES;
				CLANG_ENABLE_OBJC_ARC = YES;
				CLANG_ENABLE_OBJC_WEAK = YES;
				CLANG_WARN_BLOCK_CAPTURE_AUTORELEASING = YES;
				CLANG_WARN_BOOL_CONVERSION = YES;
				CLANG_WARN_COMMA = YES;
				CLANG_WARN_CONSTANT_CONVERSION = YES;
				CLANG_WARN_DEPRECATED_OBJC_IMPLEMENTATIONS = YES;
				CLANG_WARN_DIRECT_OBJC_ISA_USAGE = YES_ERROR;
				CLANG_WARN_DOCUMENTATION_COMMENTS = YES;
				CLANG_WARN_EMPTY_BODY = YES;
				CLANG_WARN_ENUM_CONVERSION = YES;
				CLANG_WARN_INFINITE_RECURSION = YES;
				CLANG_WARN_INT_CONVERSION = YES;
				CLANG_WARN_NON_LITERAL_NULL_CONVERSION = YES;
				CLANG_WARN_OBJC_IMPLICIT_RETAIN_SELF = YES;
				CLANG_WARN_OBJC_LITERAL_CONVERSION = YES;
				CLANG_WARN_OBJC_ROOT_CLASS = YES_ERROR;
				CLANG_WARN_QUOTED_INCLUDE_IN_FRAMEWORK_HEADER = YES;
				CLANG_WARN_RANGE_LOOP_ANALYSIS = YES;
				CLANG_WARN_STRICT_PROTOTYPES = YES;
				CLANG_WARN_SUSPICIOUS_MOVE = YES;
				CLANG_WARN_UNGUARDED_AVAILABILITY = YES_AGGRESSIVE;
				CLANG_WARN_UNREACHABLE_CODE = YES;
				CLANG_WARN__DUPLICATE_METHOD_MATCH = YES;
				COPY_PHASE_STRIP = NO;
				DEBUG_INFORMATION_FORMAT = dwarf;
				ENABLE_STRICT_OBJC_MSGSEND = YES;
				ENABLE_TESTABILITY = YES;
				ENABLE_USER_SCRIPT_SANDBOXING = YES;
				GCC_C_LANGUAGE_STANDARD = gnu17;
				GCC_DYNAMIC_NO_PIC = NO;
				GCC_NO_COMMON_BLOCKS = YES;
				GCC_OPTIMIZATION_LEVEL = 0;
				GCC_PREPROCESSOR_DEFINITIONS = (
					"DEBUG=1",
					"$(inherited)",
				);
				GCC_WARN_64_TO_32_BIT_CONVERSION = YES;
				GCC_WARN_ABOUT_RETURN_TYPE = YES_ERROR;
				GCC_WARN_UNDECLARED_SELECTOR = YES;
				GCC_WARN_UNINITIALIZED_AUTOS = YES_AGGRESSIVE;
				GCC_WARN_UNUSED_FUNCTION = YES;
				GCC_WARN_UNUSED_VARIABLE = YES;
				IPHONEOS_DEPLOYMENT_TARGET = 17.4;
				LOCALIZATION_PREFERS_STRING_CATALOGS = YES;
				MTL_ENABLE_DEBUG_INFO = INCLUDE_SOURCE;
				MTL_FAST_MATH = YES;
				ONLY_ACTIVE_ARCH = YES;
				SDKROOT = iphoneos;
				SWIFT_ACTIVE_COMPILATION_CONDITIONS = "DEBUG $(inherited)";
				SWIFT_OPTIMIZATION_LEVEL = "-Onone";
			};
			name = Debug;
		};
		A1314BB42BC12E9D00DE127B /* Release */ = {
			isa = XCBuildConfiguration;
			buildSettings = {
				ALWAYS_SEARCH_USER_PATHS = NO;
				ASSETCATALOG_COMPILER_GENERATE_SWIFT_ASSET_SYMBOL_EXTENSIONS = YES;
				CLANG_ANALYZER_NONNULL = YES;
				CLANG_ANALYZER_NUMBER_OBJECT_CONVERSION = YES_AGGRESSIVE;
				CLANG_CXX_LANGUAGE_STANDARD = "gnu++20";
				CLANG_ENABLE_MODULES = YES;
				CLANG_ENABLE_OBJC_ARC = YES;
				CLANG_ENABLE_OBJC_WEAK = YES;
				CLANG_WARN_BLOCK_CAPTURE_AUTORELEASING = YES;
				CLANG_WARN_BOOL_CONVERSION = YES;
				CLANG_WARN_COMMA = YES;
				CLANG_WARN_CONSTANT_CONVERSION = YES;
				CLANG_WARN_DEPRECATED_OBJC_IMPLEMENTATIONS = YES;
				CLANG_WARN_DIRECT_OBJC_ISA_USAGE = YES_ERROR;
				CLANG_WARN_DOCUMENTATION_COMMENTS = YES;
				CLANG_WARN_EMPTY_BODY = YES;
				CLANG_WARN_ENUM_CONVERSION = YES;
				CLANG_WARN_INFINITE_RECURSION = YES;
				CLANG_WARN_INT_CONVERSION = YES;
				CLANG_WARN_NON_LITERAL_NULL_CONVERSION = YES;
				CLANG_WARN_OBJC_IMPLICIT_RETAIN_SELF = YES;
				CLANG_WARN_OBJC_LITERAL_CONVERSION = YES;
				CLANG_WARN_OBJC_ROOT_CLASS = YES_ERROR;
				CLANG_WARN_QUOTED_INCLUDE_IN_FRAMEWORK_HEADER = YES;
				CLANG_WARN_RANGE_LOOP_ANALYSIS = YES;
				CLANG_WARN_STRICT_PROTOTYPES = YES;
				CLANG_WARN_SUSPICIOUS_MOVE = YES;
				CLANG_WARN_UNGUARDED_AVAILABILITY = YES_AGGRESSIVE;
				CLANG_WARN_UNREACHABLE_CODE = YES;
				CLANG_WARN__DUPLICATE_METHOD_MATCH = YES;
				COPY_PHASE_STRIP = NO;
				DEBUG_INFORMATION_FORMAT = "dwarf-with-dsym";
				ENABLE_NS_ASSERTIONS = NO;
				ENABLE_STRICT_OBJC_MSGSEND = YES;
				ENABLE_USER_SCRIPT_SANDBOXING = YES;
				GCC_C_LANGUAGE_STANDARD = gnu17;
				GCC_NO_COMMON_BLOCKS = YES;
				GCC_WARN_64_TO_32_BIT_CONVERSION = YES;
				GCC_WARN_ABOUT_RETURN_TYPE = YES_ERROR;
				GCC_WARN_UNDECLARED_SELECTOR = YES;
				GCC_WARN_UNINITIALIZED_AUTOS = YES_AGGRESSIVE;
				GCC_WARN_UNUSED_FUNCTION = YES;
				GCC_WARN_UNUSED_VARIABLE = YES;
				IPHONEOS_DEPLOYMENT_TARGET = 17.4;
				LOCALIZATION_PREFERS_STRING_CATALOGS = YES;
				MTL_ENABLE_DEBUG_INFO = NO;
				MTL_FAST_MATH = YES;
				SDKROOT = iphoneos;
				SWIFT_COMPILATION_MODE = wholemodule;
				VALIDATE_PRODUCT = YES;
			};
			name = Release;
		};
		A1314BB62BC12E9D00DE127B /* Debug */ = {
			isa = XCBuildConfiguration;
			buildSettings = {
				ASSETCATALOG_COMPILER_APPICON_NAME = AppIcon;
				ASSETCATALOG_COMPILER_GLOBAL_ACCENT_COLOR_NAME = AccentColor;
				CODE_SIGN_STYLE = Automatic;
				CURRENT_PROJECT_VERSION = 1;
				DEVELOPMENT_ASSET_PATHS = "\"Scrumdinger/Preview Content\"";
				ENABLE_PREVIEWS = YES;
				GENERATE_INFOPLIST_FILE = YES;
				INFOPLIST_KEY_UIApplicationSceneManifest_Generation = YES;
				INFOPLIST_KEY_UIApplicationSupportsIndirectInputEvents = YES;
				INFOPLIST_KEY_UILaunchScreen_Generation = YES;
				INFOPLIST_KEY_UISupportedInterfaceOrientations_iPad = "UIInterfaceOrientationPortrait UIInterfaceOrientationPortraitUpsideDown UIInterfaceOrientationLandscapeLeft UIInterfaceOrientationLandscapeRight";
				INFOPLIST_KEY_UISupportedInterfaceOrientations_iPhone = "UIInterfaceOrientationPortrait UIInterfaceOrientationLandscapeLeft UIInterfaceOrientationLandscapeRight";
				LD_RUNPATH_SEARCH_PATHS = (
					"$(inherited)",
					"@executable_path/Frameworks",
				);
				MARKETING_VERSION = 1.0;
				PRODUCT_BUNDLE_IDENTIFIER = com.lvanderveekens.Scrumdinger;
				PRODUCT_NAME = "$(TARGET_NAME)";
				SWIFT_EMIT_LOC_STRINGS = YES;
				SWIFT_VERSION = 5.0;
				TARGETED_DEVICE_FAMILY = "1,2";
			};
			name = Debug;
		};
		A1314BB72BC12E9D00DE127B /* Release */ = {
			isa = XCBuildConfiguration;
			buildSettings = {
				ASSETCATALOG_COMPILER_APPICON_NAME = AppIcon;
				ASSETCATALOG_COMPILER_GLOBAL_ACCENT_COLOR_NAME = AccentColor;
				CODE_SIGN_STYLE = Automatic;
				CURRENT_PROJECT_VERSION = 1;
				DEVELOPMENT_ASSET_PATHS = "\"Scrumdinger/Preview Content\"";
				ENABLE_PREVIEWS = YES;
				GENERATE_INFOPLIST_FILE = YES;
				INFOPLIST_KEY_UIApplicationSceneManifest_Generation = YES;
				INFOPLIST_KEY_UIApplicationSupportsIndirectInputEvents = YES;
				INFOPLIST_KEY_UILaunchScreen_Generation = YES;
				INFOPLIST_KEY_UISupportedInterfaceOrientations_iPad = "UIInterfaceOrientationPortrait UIInterfaceOrientationPortraitUpsideDown UIInterfaceOrientationLandscapeLeft UIInterfaceOrientationLandscapeRight";
				INFOPLIST_KEY_UISupportedInterfaceOrientations_iPhone = "UIInterfaceOrientationPortrait UIInterfaceOrientationLandscapeLeft UIInterfaceOrientationLandscapeRight";
				LD_RUNPATH_SEARCH_PATHS = (
					"$(inherited)",
					"@executable_path/Frameworks",
				);
				MARKETING_VERSION = 1.0;
				PRODUCT_BUNDLE_IDENTIFIER = com.lvanderveekens.Scrumdinger;
				PRODUCT_NAME = "$(TARGET_NAME)";
				SWIFT_EMIT_LOC_STRINGS = YES;
				SWIFT_VERSION = 5.0;
				TARGETED_DEVICE_FAMILY = "1,2";
			};
			name = Release;
		};
		A1314BB92BC12E9D00DE127B /* Debug */ = {
			isa = XCBuildConfiguration;
			buildSettings = {
				ALWAYS_EMBED_SWIFT_STANDARD_LIBRARIES = YES;
				BUNDLE_LOADER = "$(TEST_HOST)";
				CODE_SIGN_STYLE = Automatic;
				CURRENT_PROJECT_VERSION = 1;
				GENERATE_INFOPLIST_FILE = YES;
				IPHONEOS_DEPLOYMENT_TARGET = 17.4;
				MARKETING_VERSION = 1.0;
				PRODUCT_BUNDLE_IDENTIFIER = com.lvanderveekens.ScrumdingerTests;
				PRODUCT_NAME = "$(TARGET_NAME)";
				SWIFT_EMIT_LOC_STRINGS = NO;
				SWIFT_VERSION = 5.0;
				TARGETED_DEVICE_FAMILY = "1,2";
				TEST_HOST = "$(BUILT_PRODUCTS_DIR)/Scrumdinger.app/$(BUNDLE_EXECUTABLE_FOLDER_PATH)/Scrumdinger";
			};
			name = Debug;
		};
		A1314BBA2BC12E9D00DE127B /* Release */ = {
			isa = XCBuildConfiguration;
			buildSettings = {
				ALWAYS_EMBED_SWIFT_STANDARD_LIBRARIES = YES;
				BUNDLE_LOADER = "$(TEST_HOST)";
				CODE_SIGN_STYLE = Automatic;
				CURRENT_PROJECT_VERSION = 1;
				GENERATE_INFOPLIST_FILE = YES;
				IPHONEOS_DEPLOYMENT_TARGET = 17.4;
				MARKETING_VERSION = 1.0;
				PRODUCT_BUNDLE_IDENTIFIER = com.lvanderveekens.ScrumdingerTests;
				PRODUCT_NAME = "$(TARGET_NAME)";
				SWIFT_EMIT_LOC_STRINGS = NO;
				SWIFT_VERSION = 5.0;
				TARGETED_DEVICE_FAMILY = "1,2";
				TEST_HOST = "$(BUILT_PRODUCTS_DIR)/Scrumdinger.app/$(BUNDLE_EXECUTABLE_FOLDER_PATH)/Scrumdinger";
			};
			name = Release;
		};
		A1314BBC2BC12E9D00DE127B /* Debug */ = {
			isa = XCBuildConfiguration;
			buildSettings = {
				ALWAYS_EMBED_SWIFT_STANDARD_LIBRARIES = YES;
				CODE_SIGN_STYLE = Automatic;
				CURRENT_PROJECT_VERSION = 1;
				GENERATE_INFOPLIST_FILE = YES;
				MARKETING_VERSION = 1.0;
				PRODUCT_BUNDLE_IDENTIFIER = com.lvanderveekens.ScrumdingerUITests;
				PRODUCT_NAME = "$(TARGET_NAME)";
				SWIFT_EMIT_LOC_STRINGS = NO;
				SWIFT_VERSION = 5.0;
				TARGETED_DEVICE_FAMILY = "1,2";
				TEST_TARGET_NAME = Scrumdinger;
			};
			name = Debug;
		};
		A1314BBD2BC12E9D00DE127B /* Release */ = {
			isa = XCBuildConfiguration;
			buildSettings = {
				ALWAYS_EMBED_SWIFT_STANDARD_LIBRARIES = YES;
				CODE_SIGN_STYLE = Automatic;
				CURRENT_PROJECT_VERSION = 1;
				GENERATE_INFOPLIST_FILE = YES;
				MARKETING_VERSION = 1.0;
				PRODUCT_BUNDLE_IDENTIFIER = com.lvanderveekens.ScrumdingerUITests;
				PRODUCT_NAME = "$(TARGET_NAME)";
				SWIFT_EMIT_LOC_STRINGS = NO;
				SWIFT_VERSION = 5.0;
				TARGETED_DEVICE_FAMILY = "1,2";
				TEST_TARGET_NAME = Scrumdinger;
			};
			name = Release;
		};
/* End XCBuildConfiguration section */

/* Begin XCConfigurationList section */
		A1314B8C2BC12E9800DE127B /* Build configuration list for PBXProject "Scrumdinger" */ = {
			isa = XCConfigurationList;
			buildConfigurations = (
				A1314BB32BC12E9D00DE127B /* Debug */,
				A1314BB42BC12E9D00DE127B /* Release */,
			);
			defaultConfigurationIsVisible = 0;
			defaultConfigurationName = Release;
		};
		A1314BB52BC12E9D00DE127B /* Build configuration list for PBXNativeTarget "Scrumdinger" */ = {
			isa = XCConfigurationList;
			buildConfigurations = (
				A1314BB62BC12E9D00DE127B /* Debug */,
				A1314BB72BC12E9D00DE127B /* Release */,
			);
			defaultConfigurationIsVisible = 0;
			defaultConfigurationName = Release;
		};
		A1314BB82BC12E9D00DE127B /* Build configuration list for PBXNativeTarget "ScrumdingerTests" */ = {
			isa = XCConfigurationList;
			buildConfigurations = (
				A1314BB92BC12E9D00DE127B /* Debug */,
				A1314BBA2BC12E9D00DE127B /* Release */,
			);
			defaultConfigurationIsVisible = 0;
			defaultConfigurationName = Release;
		};
		A1314BBB2BC12E9D00DE127B /* Build configuration list for PBXNativeTarget "ScrumdingerUITests" */ = {
			isa = XCConfigurationList;
			buildConfigurations = (
				A1314BBC2BC12E9D00DE127B /* Debug */,
				A1314BBD2BC12E9D00DE127B /* Release */,
			);
			defaultConfigurationIsVisible = 0;
			defaultConfigurationName = Release;
		};
/* End XCConfigurationList section */
	};
	rootObject = A1314B892BC12E9800DE127B /* Project object */;
}
